// !$*UTF8*$!
{
	archiveVersion = 1;
	classes = {
	};
	objectVersion = 77;
	objects = {

/* Begin PBXContainerItemProxy section */
		5B94B8292CC3393A007B89F5 /* PBXContainerItemProxy */ = {
			isa = PBXContainerItemProxy;
			containerPortal = 5B94B8102CC33938007B89F5 /* Project object */;
			proxyType = 1;
			remoteGlobalIDString = 5B94B8172CC33938007B89F5;
			remoteInfo = MarchingCubeDemoVoxel;
		};
		5B94B8332CC3393A007B89F5 /* PBXContainerItemProxy */ = {
			isa = PBXContainerItemProxy;
			containerPortal = 5B94B8102CC33938007B89F5 /* Project object */;
			proxyType = 1;
			remoteGlobalIDString = 5B94B8172CC33938007B89F5;
			remoteInfo = MarchingCubeDemoVoxel;
		};
/* End PBXContainerItemProxy section */

/* Begin PBXFileReference section */
		5B94B8182CC33938007B89F5 /* MarchingCubeDemoVoxel.app */ = {isa = PBXFileReference; explicitFileType = wrapper.application; includeInIndex = 0; path = MarchingCubeDemoVoxel.app; sourceTree = BUILT_PRODUCTS_DIR; };
		5B94B8282CC3393A007B89F5 /* MarchingCubeDemoVoxelTests.xctest */ = {isa = PBXFileReference; explicitFileType = wrapper.cfbundle; includeInIndex = 0; path = MarchingCubeDemoVoxelTests.xctest; sourceTree = BUILT_PRODUCTS_DIR; };
		5B94B8322CC3393A007B89F5 /* MarchingCubeDemoVoxelUITests.xctest */ = {isa = PBXFileReference; explicitFileType = wrapper.cfbundle; includeInIndex = 0; path = MarchingCubeDemoVoxelUITests.xctest; sourceTree = BUILT_PRODUCTS_DIR; };
/* End PBXFileReference section */

/* Begin PBXFileSystemSynchronizedRootGroup section */
		5B94B81A2CC33938007B89F5 /* MarchingCubeDemoVoxel */ = {
			isa = PBXFileSystemSynchronizedRootGroup;
			path = MarchingCubeDemoVoxel;
			sourceTree = "<group>";
		};
		5B94B82B2CC3393A007B89F5 /* MarchingCubeDemoVoxelTests */ = {
			isa = PBXFileSystemSynchronizedRootGroup;
			path = MarchingCubeDemoVoxelTests;
			sourceTree = "<group>";
		};
		5B94B8352CC3393A007B89F5 /* MarchingCubeDemoVoxelUITests */ = {
			isa = PBXFileSystemSynchronizedRootGroup;
			path = MarchingCubeDemoVoxelUITests;
			sourceTree = "<group>";
		};
/* End PBXFileSystemSynchronizedRootGroup section */

/* Begin PBXFrameworksBuildPhase section */
		5B94B8152CC33938007B89F5 /* Frameworks */ = {
			isa = PBXFrameworksBuildPhase;
			buildActionMask = 2147483647;
			files = (
			);
			runOnlyForDeploymentPostprocessing = 0;
		};
		5B94B8252CC3393A007B89F5 /* Frameworks */ = {
			isa = PBXFrameworksBuildPhase;
			buildActionMask = 2147483647;
			files = (
			);
			runOnlyForDeploymentPostprocessing = 0;
		};
		5B94B82F2CC3393A007B89F5 /* Frameworks */ = {
			isa = PBXFrameworksBuildPhase;
			buildActionMask = 2147483647;
			files = (
			);
			runOnlyForDeploymentPostprocessing = 0;
		};
/* End PBXFrameworksBuildPhase section */

/* Begin PBXGroup section */
		5B94B80F2CC33938007B89F5 = {
			isa = PBXGroup;
			children = (
				5B94B81A2CC33938007B89F5 /* MarchingCubeDemoVoxel */,
				5B94B82B2CC3393A007B89F5 /* MarchingCubeDemoVoxelTests */,
				5B94B8352CC3393A007B89F5 /* MarchingCubeDemoVoxelUITests */,
				5B94B8192CC33938007B89F5 /* Products */,
			);
			sourceTree = "<group>";
		};
		5B94B8192CC33938007B89F5 /* Products */ = {
			isa = PBXGroup;
			children = (
				5B94B8182CC33938007B89F5 /* MarchingCubeDemoVoxel.app */,
				5B94B8282CC3393A007B89F5 /* MarchingCubeDemoVoxelTests.xctest */,
				5B94B8322CC3393A007B89F5 /* MarchingCubeDemoVoxelUITests.xctest */,
			);
			name = Products;
			sourceTree = "<group>";
		};
/* End PBXGroup section */

/* Begin PBXNativeTarget section */
		5B94B8172CC33938007B89F5 /* MarchingCubeDemoVoxel */ = {
			isa = PBXNativeTarget;
			buildConfigurationList = 5B94B83C2CC3393A007B89F5 /* Build configuration list for PBXNativeTarget "MarchingCubeDemoVoxel" */;
			buildPhases = (
				5B94B8142CC33938007B89F5 /* Sources */,
				5B94B8152CC33938007B89F5 /* Frameworks */,
				5B94B8162CC33938007B89F5 /* Resources */,
			);
			buildRules = (
			);
			dependencies = (
			);
			fileSystemSynchronizedGroups = (
				5B94B81A2CC33938007B89F5 /* MarchingCubeDemoVoxel */,
			);
			name = MarchingCubeDemoVoxel;
			packageProductDependencies = (
			);
			productName = MarchingCubeDemoVoxel;
			productReference = 5B94B8182CC33938007B89F5 /* MarchingCubeDemoVoxel.app */;
			productType = "com.apple.product-type.application";
		};
		5B94B8272CC3393A007B89F5 /* MarchingCubeDemoVoxelTests */ = {
			isa = PBXNativeTarget;
			buildConfigurationList = 5B94B83F2CC3393A007B89F5 /* Build configuration list for PBXNativeTarget "MarchingCubeDemoVoxelTests" */;
			buildPhases = (
				5B94B8242CC3393A007B89F5 /* Sources */,
				5B94B8252CC3393A007B89F5 /* Frameworks */,
				5B94B8262CC3393A007B89F5 /* Resources */,
			);
			buildRules = (
			);
			dependencies = (
				5B94B82A2CC3393A007B89F5 /* PBXTargetDependency */,
			);
			fileSystemSynchronizedGroups = (
				5B94B82B2CC3393A007B89F5 /* MarchingCubeDemoVoxelTests */,
			);
			name = MarchingCubeDemoVoxelTests;
			packageProductDependencies = (
			);
			productName = MarchingCubeDemoVoxelTests;
			productReference = 5B94B8282CC3393A007B89F5 /* MarchingCubeDemoVoxelTests.xctest */;
			productType = "com.apple.product-type.bundle.unit-test";
		};
		5B94B8312CC3393A007B89F5 /* MarchingCubeDemoVoxelUITests */ = {
			isa = PBXNativeTarget;
			buildConfigurationList = 5B94B8422CC3393A007B89F5 /* Build configuration list for PBXNativeTarget "MarchingCubeDemoVoxelUITests" */;
			buildPhases = (
				5B94B82E2CC3393A007B89F5 /* Sources */,
				5B94B82F2CC3393A007B89F5 /* Frameworks */,
				5B94B8302CC3393A007B89F5 /* Resources */,
			);
			buildRules = (
			);
			dependencies = (
				5B94B8342CC3393A007B89F5 /* PBXTargetDependency */,
			);
			fileSystemSynchronizedGroups = (
				5B94B8352CC3393A007B89F5 /* MarchingCubeDemoVoxelUITests */,
			);
			name = MarchingCubeDemoVoxelUITests;
			packageProductDependencies = (
			);
			productName = MarchingCubeDemoVoxelUITests;
			productReference = 5B94B8322CC3393A007B89F5 /* MarchingCubeDemoVoxelUITests.xctest */;
			productType = "com.apple.product-type.bundle.ui-testing";
		};
/* End PBXNativeTarget section */

/* Begin PBXProject section */
		5B94B8102CC33938007B89F5 /* Project object */ = {
			isa = PBXProject;
			attributes = {
				BuildIndependentTargetsInParallel = 1;
				LastSwiftUpdateCheck = 1600;
				LastUpgradeCheck = 1600;
				TargetAttributes = {
					5B94B8172CC33938007B89F5 = {
						CreatedOnToolsVersion = 16.0;
					};
					5B94B8272CC3393A007B89F5 = {
						CreatedOnToolsVersion = 16.0;
						TestTargetID = 5B94B8172CC33938007B89F5;
					};
					5B94B8312CC3393A007B89F5 = {
						CreatedOnToolsVersion = 16.0;
						TestTargetID = 5B94B8172CC33938007B89F5;
					};
				};
			};
			buildConfigurationList = 5B94B8132CC33938007B89F5 /* Build configuration list for PBXProject "MarchingCubeDemoVoxel" */;
			developmentRegion = en;
			hasScannedForEncodings = 0;
			knownRegions = (
				en,
				Base,
			);
			mainGroup = 5B94B80F2CC33938007B89F5;
			minimizedProjectReferenceProxies = 1;
			preferredProjectObjectVersion = 77;
			productRefGroup = 5B94B8192CC33938007B89F5 /* Products */;
			projectDirPath = "";
			projectRoot = "";
			targets = (
				5B94B8172CC33938007B89F5 /* MarchingCubeDemoVoxel */,
				5B94B8272CC3393A007B89F5 /* MarchingCubeDemoVoxelTests */,
				5B94B8312CC3393A007B89F5 /* MarchingCubeDemoVoxelUITests */,
			);
		};
/* End PBXProject section */

/* Begin PBXResourcesBuildPhase section */
		5B94B8162CC33938007B89F5 /* Resources */ = {
			isa = PBXResourcesBuildPhase;
			buildActionMask = 2147483647;
			files = (
			);
			runOnlyForDeploymentPostprocessing = 0;
		};
		5B94B8262CC3393A007B89F5 /* Resources */ = {
			isa = PBXResourcesBuildPhase;
			buildActionMask = 2147483647;
			files = (
			);
			runOnlyForDeploymentPostprocessing = 0;
		};
		5B94B8302CC3393A007B89F5 /* Resources */ = {
			isa = PBXResourcesBuildPhase;
			buildActionMask = 2147483647;
			files = (
			);
			runOnlyForDeploymentPostprocessing = 0;
		};
/* End PBXResourcesBuildPhase section */

/* Begin PBXSourcesBuildPhase section */
		5B94B8142CC33938007B89F5 /* Sources */ = {
			isa = PBXSourcesBuildPhase;
			buildActionMask = 2147483647;
			files = (
			);
			runOnlyForDeploymentPostprocessing = 0;
		};
		5B94B8242CC3393A007B89F5 /* Sources */ = {
			isa = PBXSourcesBuildPhase;
			buildActionMask = 2147483647;
			files = (
			);
			runOnlyForDeploymentPostprocessing = 0;
		};
		5B94B82E2CC3393A007B89F5 /* Sources */ = {
			isa = PBXSourcesBuildPhase;
			buildActionMask = 2147483647;
			files = (
			);
			runOnlyForDeploymentPostprocessing = 0;
		};
/* End PBXSourcesBuildPhase section */

/* Begin PBXTargetDependency section */
		5B94B82A2CC3393A007B89F5 /* PBXTargetDependency */ = {
			isa = PBXTargetDependency;
			target = 5B94B8172CC33938007B89F5 /* MarchingCubeDemoVoxel */;
			targetProxy = 5B94B8292CC3393A007B89F5 /* PBXContainerItemProxy */;
		};
		5B94B8342CC3393A007B89F5 /* PBXTargetDependency */ = {
			isa = PBXTargetDependency;
			target = 5B94B8172CC33938007B89F5 /* MarchingCubeDemoVoxel */;
			targetProxy = 5B94B8332CC3393A007B89F5 /* PBXContainerItemProxy */;
		};
/* End PBXTargetDependency section */

/* Begin XCBuildConfiguration section */
		5B94B83A2CC3393A007B89F5 /* Debug */ = {
			isa = XCBuildConfiguration;
			buildSettings = {
				ALWAYS_SEARCH_USER_PATHS = NO;
				ASSETCATALOG_COMPILER_GENERATE_SWIFT_ASSET_SYMBOL_EXTENSIONS = YES;
				CLANG_ANALYZER_NONNULL = YES;
				CLANG_ANALYZER_NUMBER_OBJECT_CONVERSION = YES_AGGRESSIVE;
				CLANG_CXX_LANGUAGE_STANDARD = "gnu++20";
				CLANG_ENABLE_MODULES = YES;
				CLANG_ENABLE_OBJC_ARC = YES;
				CLANG_ENABLE_OBJC_WEAK = YES;
				CLANG_WARN_BLOCK_CAPTURE_AUTORELEASING = YES;
				CLANG_WARN_BOOL_CONVERSION = YES;
				CLANG_WARN_COMMA = YES;
				CLANG_WARN_CONSTANT_CONVERSION = YES;
				CLANG_WARN_DEPRECATED_OBJC_IMPLEMENTATIONS = YES;
				CLANG_WARN_DIRECT_OBJC_ISA_USAGE = YES_ERROR;
				CLANG_WARN_DOCUMENTATION_COMMENTS = YES;
				CLANG_WARN_EMPTY_BODY = YES;
				CLANG_WARN_ENUM_CONVERSION = YES;
				CLANG_WARN_INFINITE_RECURSION = YES;
				CLANG_WARN_INT_CONVERSION = YES;
				CLANG_WARN_NON_LITERAL_NULL_CONVERSION = YES;
				CLANG_WARN_OBJC_IMPLICIT_RETAIN_SELF = YES;
				CLANG_WARN_OBJC_LITERAL_CONVERSION = YES;
				CLANG_WARN_OBJC_ROOT_CLASS = YES_ERROR;
				CLANG_WARN_QUOTED_INCLUDE_IN_FRAMEWORK_HEADER = YES;
				CLANG_WARN_RANGE_LOOP_ANALYSIS = YES;
				CLANG_WARN_STRICT_PROTOTYPES = YES;
				CLANG_WARN_SUSPICIOUS_MOVE = YES;
				CLANG_WARN_UNGUARDED_AVAILABILITY = YES_AGGRESSIVE;
				CLANG_WARN_UNREACHABLE_CODE = YES;
				CLANG_WARN__DUPLICATE_METHOD_MATCH = YES;
				COPY_PHASE_STRIP = NO;
				DEBUG_INFORMATION_FORMAT = dwarf;
				ENABLE_STRICT_OBJC_MSGSEND = YES;
				ENABLE_TESTABILITY = YES;
				ENABLE_USER_SCRIPT_SANDBOXING = YES;
				GCC_C_LANGUAGE_STANDARD = gnu17;
				GCC_DYNAMIC_NO_PIC = NO;
				GCC_NO_COMMON_BLOCKS = YES;
				GCC_OPTIMIZATION_LEVEL = 0;
				GCC_PREPROCESSOR_DEFINITIONS = (
					"DEBUG=1",
					"$(inherited)",
				);
				GCC_WARN_64_TO_32_BIT_CONVERSION = YES;
				GCC_WARN_ABOUT_RETURN_TYPE = YES_ERROR;
				GCC_WARN_UNDECLARED_SELECTOR = YES;
				GCC_WARN_UNINITIALIZED_AUTOS = YES_AGGRESSIVE;
				GCC_WARN_UNUSED_FUNCTION = YES;
				GCC_WARN_UNUSED_VARIABLE = YES;
				IPHONEOS_DEPLOYMENT_TARGET = 18.0;
				LOCALIZATION_PREFERS_STRING_CATALOGS = YES;
				MTL_ENABLE_DEBUG_INFO = INCLUDE_SOURCE;
				MTL_FAST_MATH = YES;
				ONLY_ACTIVE_ARCH = YES;
				SDKROOT = iphoneos;
				SWIFT_ACTIVE_COMPILATION_CONDITIONS = "DEBUG $(inherited)";
				SWIFT_OPTIMIZATION_LEVEL = "-Onone";
			};
			name = Debug;
		};
		5B94B83B2CC3393A007B89F5 /* Release */ = {
			isa = XCBuildConfiguration;
			buildSettings = {
				ALWAYS_SEARCH_USER_PATHS = NO;
				ASSETCATALOG_COMPILER_GENERATE_SWIFT_ASSET_SYMBOL_EXTENSIONS = YES;
				CLANG_ANALYZER_NONNULL = YES;
				CLANG_ANALYZER_NUMBER_OBJECT_CONVERSION = YES_AGGRESSIVE;
				CLANG_CXX_LANGUAGE_STANDARD = "gnu++20";
				CLANG_ENABLE_MODULES = YES;
				CLANG_ENABLE_OBJC_ARC = YES;
				CLANG_ENABLE_OBJC_WEAK = YES;
				CLANG_WARN_BLOCK_CAPTURE_AUTORELEASING = YES;
				CLANG_WARN_BOOL_CONVERSION = YES;
				CLANG_WARN_COMMA = YES;
				CLANG_WARN_CONSTANT_CONVERSION = YES;
				CLANG_WARN_DEPRECATED_OBJC_IMPLEMENTATIONS = YES;
				CLANG_WARN_DIRECT_OBJC_ISA_USAGE = YES_ERROR;
				CLANG_WARN_DOCUMENTATION_COMMENTS = YES;
				CLANG_WARN_EMPTY_BODY = YES;
				CLANG_WARN_ENUM_CONVERSION = YES;
				CLANG_WARN_INFINITE_RECURSION = YES;
				CLANG_WARN_INT_CONVERSION = YES;
				CLANG_WARN_NON_LITERAL_NULL_CONVERSION = YES;
				CLANG_WARN_OBJC_IMPLICIT_RETAIN_SELF = YES;
				CLANG_WARN_OBJC_LITERAL_CONVERSION = YES;
				CLANG_WARN_OBJC_ROOT_CLASS = YES_ERROR;
				CLANG_WARN_QUOTED_INCLUDE_IN_FRAMEWORK_HEADER = YES;
				CLANG_WARN_RANGE_LOOP_ANALYSIS = YES;
				CLANG_WARN_STRICT_PROTOTYPES = YES;
				CLANG_WARN_SUSPICIOUS_MOVE = YES;
				CLANG_WARN_UNGUARDED_AVAILABILITY = YES_AGGRESSIVE;
				CLANG_WARN_UNREACHABLE_CODE = YES;
				CLANG_WARN__DUPLICATE_METHOD_MATCH = YES;
				COPY_PHASE_STRIP = NO;
				DEBUG_INFORMATION_FORMAT = "dwarf-with-dsym";
				ENABLE_NS_ASSERTIONS = NO;
				ENABLE_STRICT_OBJC_MSGSEND = YES;
				ENABLE_USER_SCRIPT_SANDBOXING = YES;
				GCC_C_LANGUAGE_STANDARD = gnu17;
				GCC_NO_COMMON_BLOCKS = YES;
				GCC_WARN_64_TO_32_BIT_CONVERSION = YES;
				GCC_WARN_ABOUT_RETURN_TYPE = YES_ERROR;
				GCC_WARN_UNDECLARED_SELECTOR = YES;
				GCC_WARN_UNINITIALIZED_AUTOS = YES_AGGRESSIVE;
				GCC_WARN_UNUSED_FUNCTION = YES;
				GCC_WARN_UNUSED_VARIABLE = YES;
				IPHONEOS_DEPLOYMENT_TARGET = 18.0;
				LOCALIZATION_PREFERS_STRING_CATALOGS = YES;
				MTL_ENABLE_DEBUG_INFO = NO;
				MTL_FAST_MATH = YES;
				SDKROOT = iphoneos;
				SWIFT_COMPILATION_MODE = wholemodule;
				VALIDATE_PRODUCT = YES;
			};
			name = Release;
		};
		5B94B83D2CC3393A007B89F5 /* Debug */ = {
			isa = XCBuildConfiguration;
			buildSettings = {
				ASSETCATALOG_COMPILER_APPICON_NAME = AppIcon;
				ASSETCATALOG_COMPILER_GLOBAL_ACCENT_COLOR_NAME = AccentColor;
				CODE_SIGN_STYLE = Automatic;
				CURRENT_PROJECT_VERSION = 1;
				DEVELOPMENT_ASSET_PATHS = "\"MarchingCubeDemoVoxel/Preview Content\"";
				ENABLE_PREVIEWS = YES;
				GENERATE_INFOPLIST_FILE = YES;
				INFOPLIST_KEY_UIApplicationSceneManifest_Generation = YES;
				INFOPLIST_KEY_UIApplicationSupportsIndirectInputEvents = YES;
				INFOPLIST_KEY_UILaunchScreen_Generation = YES;
				INFOPLIST_KEY_UISupportedInterfaceOrientations_iPad = "UIInterfaceOrientationPortrait UIInterfaceOrientationPortraitUpsideDown UIInterfaceOrientationLandscapeLeft UIInterfaceOrientationLandscapeRight";
				INFOPLIST_KEY_UISupportedInterfaceOrientations_iPhone = "UIInterfaceOrientationPortrait UIInterfaceOrientationLandscapeLeft UIInterfaceOrientationLandscapeRight";
				LD_RUNPATH_SEARCH_PATHS = (
					"$(inherited)",
					"@executable_path/Frameworks",
				);
				MARKETING_VERSION = 1.0;
				PRODUCT_BUNDLE_IDENTIFIER = com.charlesweng.MarchingCubeDemoVoxel;
				PRODUCT_NAME = "$(TARGET_NAME)";
				SWIFT_EMIT_LOC_STRINGS = YES;
				SWIFT_VERSION = 5.0;
				TARGETED_DEVICE_FAMILY = "1,2";
			};
			name = Debug;
		};
		5B94B83E2CC3393A007B89F5 /* Release */ = {
			isa = XCBuildConfiguration;
			buildSettings = {
				ASSETCATALOG_COMPILER_APPICON_NAME = AppIcon;
				ASSETCATALOG_COMPILER_GLOBAL_ACCENT_COLOR_NAME = AccentColor;
				CODE_SIGN_STYLE = Automatic;
				CURRENT_PROJECT_VERSION = 1;
				DEVELOPMENT_ASSET_PATHS = "\"MarchingCubeDemoVoxel/Preview Content\"";
				ENABLE_PREVIEWS = YES;
				GENERATE_INFOPLIST_FILE = YES;
				INFOPLIST_KEY_UIApplicationSceneManifest_Generation = YES;
				INFOPLIST_KEY_UIApplicationSupportsIndirectInputEvents = YES;
				INFOPLIST_KEY_UILaunchScreen_Generation = YES;
				INFOPLIST_KEY_UISupportedInterfaceOrientations_iPad = "UIInterfaceOrientationPortrait UIInterfaceOrientationPortraitUpsideDown UIInterfaceOrientationLandscapeLeft UIInterfaceOrientationLandscapeRight";
				INFOPLIST_KEY_UISupportedInterfaceOrientations_iPhone = "UIInterfaceOrientationPortrait UIInterfaceOrientationLandscapeLeft UIInterfaceOrientationLandscapeRight";
				LD_RUNPATH_SEARCH_PATHS = (
					"$(inherited)",
					"@executable_path/Frameworks",
				);
				MARKETING_VERSION = 1.0;
				PRODUCT_BUNDLE_IDENTIFIER = com.charlesweng.MarchingCubeDemoVoxel;
				PRODUCT_NAME = "$(TARGET_NAME)";
				SWIFT_EMIT_LOC_STRINGS = YES;
				SWIFT_VERSION = 5.0;
				TARGETED_DEVICE_FAMILY = "1,2";
			};
			name = Release;
		};
		5B94B8402CC3393A007B89F5 /* Debug */ = {
			isa = XCBuildConfiguration;
			buildSettings = {
				BUNDLE_LOADER = "$(TEST_HOST)";
				CODE_SIGN_STYLE = Automatic;
				CURRENT_PROJECT_VERSION = 1;
				GENERATE_INFOPLIST_FILE = YES;
				IPHONEOS_DEPLOYMENT_TARGET = 18.0;
				MARKETING_VERSION = 1.0;
				PRODUCT_BUNDLE_IDENTIFIER = com.charlesweng.MarchingCubeDemoVoxelTests;
				PRODUCT_NAME = "$(TARGET_NAME)";
				SWIFT_EMIT_LOC_STRINGS = NO;
				SWIFT_VERSION = 5.0;
				TARGETED_DEVICE_FAMILY = "1,2";
				TEST_HOST = "$(BUILT_PRODUCTS_DIR)/MarchingCubeDemoVoxel.app/$(BUNDLE_EXECUTABLE_FOLDER_PATH)/MarchingCubeDemoVoxel";
			};
			name = Debug;
		};
		5B94B8412CC3393A007B89F5 /* Release */ = {
			isa = XCBuildConfiguration;
			buildSettings = {
				BUNDLE_LOADER = "$(TEST_HOST)";
				CODE_SIGN_STYLE = Automatic;
				CURRENT_PROJECT_VERSION = 1;
				GENERATE_INFOPLIST_FILE = YES;
				IPHONEOS_DEPLOYMENT_TARGET = 18.0;
				MARKETING_VERSION = 1.0;
				PRODUCT_BUNDLE_IDENTIFIER = com.charlesweng.MarchingCubeDemoVoxelTests;
				PRODUCT_NAME = "$(TARGET_NAME)";
				SWIFT_EMIT_LOC_STRINGS = NO;
				SWIFT_VERSION = 5.0;
				TARGETED_DEVICE_FAMILY = "1,2";
				TEST_HOST = "$(BUILT_PRODUCTS_DIR)/MarchingCubeDemoVoxel.app/$(BUNDLE_EXECUTABLE_FOLDER_PATH)/MarchingCubeDemoVoxel";
			};
			name = Release;
		};
		5B94B8432CC3393A007B89F5 /* Debug */ = {
			isa = XCBuildConfiguration;
			buildSettings = {
				CODE_SIGN_STYLE = Automatic;
				CURRENT_PROJECT_VERSION = 1;
				GENERATE_INFOPLIST_FILE = YES;
				MARKETING_VERSION = 1.0;
				PRODUCT_BUNDLE_IDENTIFIER = com.charlesweng.MarchingCubeDemoVoxelUITests;
				PRODUCT_NAME = "$(TARGET_NAME)";
				SWIFT_EMIT_LOC_STRINGS = NO;
				SWIFT_VERSION = 5.0;
				TARGETED_DEVICE_FAMILY = "1,2";
				TEST_TARGET_NAME = MarchingCubeDemoVoxel;
			};
			name = Debug;
		};
		5B94B8442CC3393A007B89F5 /* Release */ = {
			isa = XCBuildConfiguration;
			buildSettings = {
				CODE_SIGN_STYLE = Automatic;
				CURRENT_PROJECT_VERSION = 1;
				GENERATE_INFOPLIST_FILE = YES;
				MARKETING_VERSION = 1.0;
				PRODUCT_BUNDLE_IDENTIFIER = com.charlesweng.MarchingCubeDemoVoxelUITests;
				PRODUCT_NAME = "$(TARGET_NAME)";
				SWIFT_EMIT_LOC_STRINGS = NO;
				SWIFT_VERSION = 5.0;
				TARGETED_DEVICE_FAMILY = "1,2";
				TEST_TARGET_NAME = MarchingCubeDemoVoxel;
			};
			name = Release;
		};
/* End XCBuildConfiguration section */

/* Begin XCConfigurationList section */
		5B94B8132CC33938007B89F5 /* Build configuration list for PBXProject "MarchingCubeDemoVoxel" */ = {
			isa = XCConfigurationList;
			buildConfigurations = (
				5B94B83A2CC3393A007B89F5 /* Debug */,
				5B94B83B2CC3393A007B89F5 /* Release */,
			);
			defaultConfigurationIsVisible = 0;
			defaultConfigurationName = Release;
		};
		5B94B83C2CC3393A007B89F5 /* Build configuration list for PBXNativeTarget "MarchingCubeDemoVoxel" */ = {
			isa = XCConfigurationList;
			buildConfigurations = (
				5B94B83D2CC3393A007B89F5 /* Debug */,
				5B94B83E2CC3393A007B89F5 /* Release */,
			);
			defaultConfigurationIsVisible = 0;
			defaultConfigurationName = Release;
		};
		5B94B83F2CC3393A007B89F5 /* Build configuration list for PBXNativeTarget "MarchingCubeDemoVoxelTests" */ = {
			isa = XCConfigurationList;
			buildConfigurations = (
				5B94B8402CC3393A007B89F5 /* Debug */,
				5B94B8412CC3393A007B89F5 /* Release */,
			);
			defaultConfigurationIsVisible = 0;
			defaultConfigurationName = Release;
		};
		5B94B8422CC3393A007B89F5 /* Build configuration list for PBXNativeTarget "MarchingCubeDemoVoxelUITests" */ = {
			isa = XCConfigurationList;
			buildConfigurations = (
				5B94B8432CC3393A007B89F5 /* Debug */,
				5B94B8442CC3393A007B89F5 /* Release */,
			);
			defaultConfigurationIsVisible = 0;
			defaultConfigurationName = Release;
		};
/* End XCConfigurationList section */
	};
	rootObject = 5B94B8102CC33938007B89F5 /* Project object */;
}
