{
  "originHash" : "050a9ee27ddc09d4624f61c909bd9c2c8b19ab301a70839fcfafb34f4d686b42",
  "pins" : [
    {
      "identity" : "aws-crt-swift",
      "kind" : "remoteSourceControl",
      "location" : "https://github.com/awslabs/aws-crt-swift",
      "state" : {
        "revision" : "3f844bef042cc0a4c3381f7090414ce3f9a7e935",
        "version" : "0.37.0"
      }
    },
    {
      "identity" : "aws-sdk-swift",
      "kind" : "remoteSourceControl",
      "location" : "https://github.com/awslabs/aws-sdk-swift",
      "state" : {
        "revision" : "d6da70b75996b30b8d11ea004b8859e9b623db29",
        "version" : "1.0.36"
      }
    },
    {
      "identity" : "cocoalumberjack",
      "kind" : "remoteSourceControl",
      "location" : "https://github.com/CocoaLumberjack/CocoaLumberjack.git",
      "state" : {
        "revision" : "4b8714a7fb84d42393314ce897127b3939885ec3",
        "version" : "3.8.5"
      }
    },
    {
      "identity" : "heightmap",
      "kind" : "remoteSourceControl",
      "location" : "https://github.com/heckj/Heightmap",
      "state" : {
        "revision" : "b3e32343bcb9d78f31f3fa45084dda4be6062aa1",
        "version" : "0.6.2"
      }
    },
    {
      "identity" : "smithy-swift",
      "kind" : "remoteSourceControl",
      "location" : "https://github.com/smithy-lang/smithy-swift",
      "state" : {
        "revision" : "2519d38cd66f10c3f4ab52321131a8b5ffc83aee",
        "version" : "0.89.0"
      }
    },
    {
      "identity" : "svgkit",
      "kind" : "remoteSourceControl",
      "location" : "https://github.com/SVGKit/SVGKit.git",
      "state" : {
        "revision" : "58152b9f7c85eab239160b36ffdfd364aa43d666",
        "version" : "3.0.0"
      }
    },
    {
      "identity" : "swift-issue-reporting",
      "kind" : "remoteSourceControl",
      "location" : "https://github.com/pointfreeco/swift-issue-reporting",
      "state" : {
        "revision" : "770f990d3e4eececb57ac04a6076e22f8c97daeb",
        "version" : "1.4.2"
      }
    },
    {
      "identity" : "swift-log",
      "kind" : "remoteSourceControl",
      "location" : "https://github.com/apple/swift-log.git",
      "state" : {
        "revision" : "9cb486020ebf03bfa5b5df985387a14a98744537",
        "version" : "1.6.1"
      }
    },
    {
      "identity" : "voxels",
      "kind" : "remoteSourceControl",
      "location" : "https://github.com/heckj/voxels.git",
      "state" : {
        "revision" : "70486932b3c966338f71d2cf66ee84f87d61310f",
        "version" : "0.2.4"
      }
    }
  ],
  "version" : 3
}
