{
  "originHash" : "1dc9137562cb79b93953b1849ba9011a6645499d20ba754a239140d6be6c9dfb",
  "pins" : [
    {
      "identity" : "aws-crt-swift",
      "kind" : "remoteSourceControl",
      "location" : "https://github.com/awslabs/aws-crt-swift",
      "state" : {
        "revision" : "3f844bef042cc0a4c3381f7090414ce3f9a7e935",
        "version" : "0.37.0"
      }
    },
    {
      "identity" : "aws-sdk-swift",
      "kind" : "remoteSourceControl",
      "location" : "https://github.com/awslabs/aws-sdk-swift",
      "state" : {
        "revision" : "30c7bf83b14f1a36ee1a291989ed55bf6115ec2e",
        "version" : "1.0.34"
      }
    },
    {
      "identity" : "heightmap",
      "kind" : "remoteSourceControl",
      "location" : "https://github.com/heckj/Heightmap",
      "state" : {
        "revision" : "b3e32343bcb9d78f31f3fa45084dda4be6062aa1",
        "version" : "0.6.2"
      }
    },
    {
      "identity" : "smithy-swift",
      "kind" : "remoteSourceControl",
      "location" : "https://github.com/smithy-lang/smithy-swift",
      "state" : {
        "revision" : "276d09575d2f685ecf5bc9459a94f760bab644e1",
        "version" : "0.88.0"
      }
    },
    {
      "identity" : "swift-issue-reporting",
      "kind" : "remoteSourceControl",
      "location" : "https://github.com/pointfreeco/swift-issue-reporting",
      "state" : {
        "revision" : "770f990d3e4eececb57ac04a6076e22f8c97daeb",
        "version" : "1.4.2"
      }
    },
    {
      "identity" : "swift-log",
      "kind" : "remoteSourceControl",
      "location" : "https://github.com/apple/swift-log.git",
      "state" : {
        "revision" : "9cb486020ebf03bfa5b5df985387a14a98744537",
        "version" : "1.6.1"
      }
    },
    {
      "identity" : "voxels",
      "kind" : "remoteSourceControl",
      "location" : "https://github.com/heckj/voxels.git",
      "state" : {
        "revision" : "70486932b3c966338f71d2cf66ee84f87d61310f",
        "version" : "0.2.4"
      }
    }
  ],
  "version" : 3
}
